Microsoft Visual Studio Solution File, Format Version 8.00
Project("{6989167D-11E4-40FE-8C1A-2192A86A7E90}") = "Fluctuation", "Fluctuation\Fluctuation.vfproj", "{92FA1A31-C33D-4677-BA11-15A39578FB15}"
	ProjectSection(ProjectDependencies) = postProject
	EndProjectSection
EndProject
Project("{6989167D-11E4-40FE-8C1A-2192A86A7E90}") = "FluctuationDL", "FluctuationDL\FluctuationDL.vfproj", "{CE7745A1-AE7A-40B5-8F25-D888FB8E1B58}"
	ProjectSection(ProjectDependencies) = postProject
	EndProjectSection
EndProject
Project("{6989167D-11E4-40FE-8C1A-2192A86A7E90}") = "SteadyState", "SteadyState\SteadyState.vfproj", "{ABD1A6D5-850F-4FE9-9320-B8615E12E5DD}"
	ProjectSection(ProjectDependencies) = postProject
	EndProjectSection
EndProject
Project("{6989167D-11E4-40FE-8C1A-2192A86A7E90}") = "SteadyStateDL", "SteadyStateDL\SteadyStateDL.vfproj", "{1BDDC0B9-91BB-4A0F-B239-4C4BAF876190}"
	ProjectSection(ProjectDependencies) = postProject
	EndProjectSection
EndProject
Project("{6989167D-11E4-40FE-8C1A-2192A86A7E90}") = "VariableLabor", "VariableLabor\VariableLabor.vfproj", "{F03F1F69-0460-4DCA-8D8F-C7EC5BE3B8F6}"
	ProjectSection(ProjectDependencies) = postProject
	EndProjectSection
EndProject
Project("{6989167D-11E4-40FE-8C1A-2192A86A7E90}") = "CompleteMarketPEA", "CompleteMarketPEA\CompleteMarketPEA.vfproj", "{ECB1FD1D-D405-48A1-A04B-89340016E5A6}"
	ProjectSection(ProjectDependencies) = postProject
	EndProjectSection
EndProject
Project("{6989167D-11E4-40FE-8C1A-2192A86A7E90}") = "Fluctuation2", "Fluctuation2\Fluctuation2.vfproj", "{1ECFE8DC-30BF-48CA-B594-1CB868F5026D}"
	ProjectSection(ProjectDependencies) = postProject
	EndProjectSection
EndProject
Global
	GlobalSection(SolutionConfiguration) = preSolution
		Debug = Debug
		Release = Release
	EndGlobalSection
	GlobalSection(ProjectConfiguration) = postSolution
		{92FA1A31-C33D-4677-BA11-15A39578FB15}.Debug.ActiveCfg = Debug|Win32
		{92FA1A31-C33D-4677-BA11-15A39578FB15}.Debug.Build.0 = Debug|Win32
		{92FA1A31-C33D-4677-BA11-15A39578FB15}.Release.ActiveCfg = Release|Win32
		{92FA1A31-C33D-4677-BA11-15A39578FB15}.Release.Build.0 = Release|Win32
		{CE7745A1-AE7A-40B5-8F25-D888FB8E1B58}.Debug.ActiveCfg = Debug|Win32
		{CE7745A1-AE7A-40B5-8F25-D888FB8E1B58}.Debug.Build.0 = Debug|Win32
		{CE7745A1-AE7A-40B5-8F25-D888FB8E1B58}.Release.ActiveCfg = Release|Win32
		{CE7745A1-AE7A-40B5-8F25-D888FB8E1B58}.Release.Build.0 = Release|Win32
		{ABD1A6D5-850F-4FE9-9320-B8615E12E5DD}.Debug.ActiveCfg = Debug|Win32
		{ABD1A6D5-850F-4FE9-9320-B8615E12E5DD}.Debug.Build.0 = Debug|Win32
		{ABD1A6D5-850F-4FE9-9320-B8615E12E5DD}.Release.ActiveCfg = Release|Win32
		{ABD1A6D5-850F-4FE9-9320-B8615E12E5DD}.Release.Build.0 = Release|Win32
		{1BDDC0B9-91BB-4A0F-B239-4C4BAF876190}.Debug.ActiveCfg = Debug|Win32
		{1BDDC0B9-91BB-4A0F-B239-4C4BAF876190}.Debug.Build.0 = Debug|Win32
		{1BDDC0B9-91BB-4A0F-B239-4C4BAF876190}.Release.ActiveCfg = Release|Win32
		{1BDDC0B9-91BB-4A0F-B239-4C4BAF876190}.Release.Build.0 = Release|Win32
		{F03F1F69-0460-4DCA-8D8F-C7EC5BE3B8F6}.Debug.ActiveCfg = Debug|Win32
		{F03F1F69-0460-4DCA-8D8F-C7EC5BE3B8F6}.Debug.Build.0 = Debug|Win32
		{F03F1F69-0460-4DCA-8D8F-C7EC5BE3B8F6}.Release.ActiveCfg = Release|Win32
		{F03F1F69-0460-4DCA-8D8F-C7EC5BE3B8F6}.Release.Build.0 = Release|Win32
		{ECB1FD1D-D405-48A1-A04B-89340016E5A6}.Debug.ActiveCfg = Debug|Win32
		{ECB1FD1D-D405-48A1-A04B-89340016E5A6}.Debug.Build.0 = Debug|Win32
		{ECB1FD1D-D405-48A1-A04B-89340016E5A6}.Release.ActiveCfg = Release|Win32
		{ECB1FD1D-D405-48A1-A04B-89340016E5A6}.Release.Build.0 = Release|Win32
		{1ECFE8DC-30BF-48CA-B594-1CB868F5026D}.Debug.ActiveCfg = Debug|Win32
		{1ECFE8DC-30BF-48CA-B594-1CB868F5026D}.Debug.Build.0 = Debug|Win32
		{1ECFE8DC-30BF-48CA-B594-1CB868F5026D}.Release.ActiveCfg = Release|Win32
		{1ECFE8DC-30BF-48CA-B594-1CB868F5026D}.Release.Build.0 = Release|Win32
	EndGlobalSection
	GlobalSection(ExtensibilityGlobals) = postSolution
	EndGlobalSection
	GlobalSection(ExtensibilityAddIns) = postSolution
	EndGlobalSection
EndGlobal
